// !$*UTF8*$!
{
	archiveVersion = 1;
	classes = {
	};
	objectVersion = 46;
	objects = {

/* Begin PBXBuildFile section */
		39139D9FAD8014CCDB7B9F20 /* Pods_Muma.framework in Frameworks */ = {isa = PBXBuildFile; fileRef = B4E86BDCBAE5EED84F9FF817 /* Pods_Muma.framework */; };
		58B1388A61D409BD0EC6FA8E /* Pods_MumaUITests.framework in Frameworks */ = {isa = PBXBuildFile; fileRef = 688C2A28D2119F8B37FD6E72 /* Pods_MumaUITests.framework */; };
		642FBEB81CBE4CAF00F32C27 /* MumaNavigationController.swift in Sources */ = {isa = PBXBuildFile; fileRef = 642FBEB71CBE4CAF00F32C27 /* MumaNavigationController.swift */; };
		642FBEBA1CC0B84A00F32C27 /* MumaAlert.swift in Sources */ = {isa = PBXBuildFile; fileRef = 642FBEB91CC0B84A00F32C27 /* MumaAlert.swift */; };
		642FBEBC1CC0C11B00F32C27 /* MumaAsset.swift in Sources */ = {isa = PBXBuildFile; fileRef = 642FBEBB1CC0C11B00F32C27 /* MumaAsset.swift */; };
		642FBEBE1CC0C1BD00F32C27 /* MumaHUD.swift in Sources */ = {isa = PBXBuildFile; fileRef = 642FBEBD1CC0C1BD00F32C27 /* MumaHUD.swift */; };
		642FBEC01CC0C26C00F32C27 /* MumaConfig.swift in Sources */ = {isa = PBXBuildFile; fileRef = 642FBEBF1CC0C26C00F32C27 /* MumaConfig.swift */; };
		642FBEC51CC0CD2000F32C27 /* UserAvatar.swift in Sources */ = {isa = PBXBuildFile; fileRef = 642FBEC41CC0CD2000F32C27 /* UserAvatar.swift */; };
		642FBEC91CC0CE1100F32C27 /* NSFileManager+Muma.swift in Sources */ = {isa = PBXBuildFile; fileRef = 642FBEC81CC0CE1100F32C27 /* NSFileManager+Muma.swift */; };
		642FBECF1CC0EB4D00F32C27 /* WorkshopRootViewController.swift in Sources */ = {isa = PBXBuildFile; fileRef = 642FBECE1CC0EB4D00F32C27 /* WorkshopRootViewController.swift */; };
		642FBED11CC0EB7900F32C27 /* CraftsmenViewController.swift in Sources */ = {isa = PBXBuildFile; fileRef = 642FBED01CC0EB7900F32C27 /* CraftsmenViewController.swift */; };
		642FBED31CC0EB9100F32C27 /* CommunityViewController.swift in Sources */ = {isa = PBXBuildFile; fileRef = 642FBED21CC0EB9100F32C27 /* CommunityViewController.swift */; };
		642FBEDA1CC0F23100F32C27 /* UserInfoTextCell.swift in Sources */ = {isa = PBXBuildFile; fileRef = 642FBED91CC0F23100F32C27 /* UserInfoTextCell.swift */; };
		642FBEDC1CC0F40400F32C27 /* UserInfoIconCell.swift in Sources */ = {isa = PBXBuildFile; fileRef = 642FBEDB1CC0F40400F32C27 /* UserInfoIconCell.swift */; };
		642FBEE01CC0F74700F32C27 /* UIScrollView+APParallaxHeader.m in Sources */ = {isa = PBXBuildFile; fileRef = 642FBEDF1CC0F74700F32C27 /* UIScrollView+APParallaxHeader.m */; };
		642FBEE31CC1C02300F32C27 /* UserInfoViewController.swift in Sources */ = {isa = PBXBuildFile; fileRef = 642FBEE21CC1C02300F32C27 /* UserInfoViewController.swift */; };
		642FBEE51CC1C45100F32C27 /* UserHeaderView.swift in Sources */ = {isa = PBXBuildFile; fileRef = 642FBEE41CC1C45100F32C27 /* UserHeaderView.swift */; };
		642FBEEC1CC1E35700F32C27 /* PlainAvatar.swift in Sources */ = {isa = PBXBuildFile; fileRef = 642FBEEB1CC1E35700F32C27 /* PlainAvatar.swift */; };
		642FBEEE1CC202A500F32C27 /* TempImage.xcassets in Resources */ = {isa = PBXBuildFile; fileRef = 642FBEED1CC202A500F32C27 /* TempImage.xcassets */; };
		648F3FA51CBB2646005B377F /* AppDelegate.swift in Sources */ = {isa = PBXBuildFile; fileRef = 648F3FA41CBB2646005B377F /* AppDelegate.swift */; };
		648F3FAC1CBB2646005B377F /* Assets.xcassets in Resources */ = {isa = PBXBuildFile; fileRef = 648F3FAB1CBB2646005B377F /* Assets.xcassets */; };
		648F3FAF1CBB2646005B377F /* LaunchScreen.storyboard in Resources */ = {isa = PBXBuildFile; fileRef = 648F3FAD1CBB2646005B377F /* LaunchScreen.storyboard */; };
		648F3FBA1CBB2646005B377F /* MumaTests.swift in Sources */ = {isa = PBXBuildFile; fileRef = 648F3FB91CBB2646005B377F /* MumaTests.swift */; };
		648F3FC51CBB2646005B377F /* MumaUITests.swift in Sources */ = {isa = PBXBuildFile; fileRef = 648F3FC41CBB2646005B377F /* MumaUITests.swift */; };
		648F3FE31CBDF459005B377F /* ShowStepGeniusViewController.swift in Sources */ = {isa = PBXBuildFile; fileRef = 648F3FD81CBDF459005B377F /* ShowStepGeniusViewController.swift */; };
		648F3FE41CBDF459005B377F /* ShowStepMatchViewController.swift in Sources */ = {isa = PBXBuildFile; fileRef = 648F3FD91CBDF459005B377F /* ShowStepMatchViewController.swift */; };
		648F3FE51CBDF459005B377F /* ShowStepMeetViewController.swift in Sources */ = {isa = PBXBuildFile; fileRef = 648F3FDA1CBDF459005B377F /* ShowStepMeetViewController.swift */; };
		648F3FE61CBDF459005B377F /* ShowStepViewController.swift in Sources */ = {isa = PBXBuildFile; fileRef = 648F3FDB1CBDF459005B377F /* ShowStepViewController.swift */; };
		648F3FE71CBDF459005B377F /* ShowViewController.swift in Sources */ = {isa = PBXBuildFile; fileRef = 648F3FDC1CBDF459005B377F /* ShowViewController.swift */; };
		648F3FE91CBDF459005B377F /* Show.xcassets in Resources */ = {isa = PBXBuildFile; fileRef = 648F3FDF1CBDF459005B377F /* Show.xcassets */; };
		64A631731ED311F900FE6CB4 /* MumaNetworking.h in Headers */ = {isa = PBXBuildFile; fileRef = 64A631711ED311F900FE6CB4 /* MumaNetworking.h */; settings = {ATTRIBUTES = (Public, ); }; };
		64A631761ED311F900FE6CB4 /* MumaNetworking.framework in Frameworks */ = {isa = PBXBuildFile; fileRef = 64A6316F1ED311F900FE6CB4 /* MumaNetworking.framework */; };
		64A631771ED311F900FE6CB4 /* MumaNetworking.framework in Embed Frameworks */ = {isa = PBXBuildFile; fileRef = 64A6316F1ED311F900FE6CB4 /* MumaNetworking.framework */; settings = {ATTRIBUTES = (CodeSignOnCopy, RemoveHeadersOnCopy, ); }; };
		64A6317D1ED318E100FE6CB4 /* Manager.swift in Sources */ = {isa = PBXBuildFile; fileRef = 64A6317C1ED318E100FE6CB4 /* Manager.swift */; };
		64A631801ED3203700FE6CB4 /* NSURLRequest+cURL.swift in Sources */ = {isa = PBXBuildFile; fileRef = 64A6317F1ED3203700FE6CB4 /* NSURLRequest+cURL.swift */; };
		64A631811ED3263200FE6CB4 /* MumaNetworking.swift in Sources */ = {isa = PBXBuildFile; fileRef = 642FBE961CBE1A3300F32C27 /* MumaNetworking.swift */; };
		64A6318B1ED33B2000FE6CB4 /* MumaKit.h in Headers */ = {isa = PBXBuildFile; fileRef = 64A631891ED33B2000FE6CB4 /* MumaKit.h */; settings = {ATTRIBUTES = (Public, ); }; };
		64A6318E1ED33B2000FE6CB4 /* MumaKit.framework in Frameworks */ = {isa = PBXBuildFile; fileRef = 64A631871ED33B2000FE6CB4 /* MumaKit.framework */; };
		64A6318F1ED33B2000FE6CB4 /* MumaKit.framework in Embed Frameworks */ = {isa = PBXBuildFile; fileRef = 64A631871ED33B2000FE6CB4 /* MumaKit.framework */; settings = {ATTRIBUTES = (CodeSignOnCopy, RemoveHeadersOnCopy, ); }; };
		64A631981ED33B9D00FE6CB4 /* MumaService.swift in Sources */ = {isa = PBXBuildFile; fileRef = 64A631951ED33B9D00FE6CB4 /* MumaService.swift */; };
		64A6319D1ED34CDC00FE6CB4 /* Config.swift in Sources */ = {isa = PBXBuildFile; fileRef = 64A6319C1ED34CDC00FE6CB4 /* Config.swift */; };
		64A631A01ED3CAF800FE6CB4 /* MumaUserDefaults.swift in Sources */ = {isa = PBXBuildFile; fileRef = 64A6319F1ED3CAF800FE6CB4 /* MumaUserDefaults.swift */; };
		64A631A41ED3D69800FE6CB4 /* Alamofire.framework in Frameworks */ = {isa = PBXBuildFile; fileRef = 64A631A11ED3D69800FE6CB4 /* Alamofire.framework */; };
		64A631A51ED3D69800FE6CB4 /* Realm.framework in Frameworks */ = {isa = PBXBuildFile; fileRef = 64A631A21ED3D69800FE6CB4 /* Realm.framework */; };
		64A631A61ED3D69800FE6CB4 /* RealmSwift.framework in Frameworks */ = {isa = PBXBuildFile; fileRef = 64A631A31ED3D69800FE6CB4 /* RealmSwift.framework */; };
		64A631AF1ED3E05900FE6CB4 /* Conversation.swift in Sources */ = {isa = PBXBuildFile; fileRef = 64A631AA1ED3E05900FE6CB4 /* Conversation.swift */; };
		64A631B01ED3E05900FE6CB4 /* Group.swift in Sources */ = {isa = PBXBuildFile; fileRef = 64A631AB1ED3E05900FE6CB4 /* Group.swift */; };
		64A631B11ED3E05900FE6CB4 /* Message.swift in Sources */ = {isa = PBXBuildFile; fileRef = 64A631AC1ED3E05900FE6CB4 /* Message.swift */; };
		64A631B21ED3E05900FE6CB4 /* Realm.swift in Sources */ = {isa = PBXBuildFile; fileRef = 64A631AD1ED3E05900FE6CB4 /* Realm.swift */; };
		64A631B31ED3E05900FE6CB4 /* User.swift in Sources */ = {isa = PBXBuildFile; fileRef = 64A631AE1ED3E05900FE6CB4 /* User.swift */; };
		64A631B41ED45B9700FE6CB4 /* Alamofire.framework in Frameworks */ = {isa = PBXBuildFile; fileRef = 64A631A11ED3D69800FE6CB4 /* Alamofire.framework */; };
		64A631B51ED45B9700FE6CB4 /* Realm.framework in Frameworks */ = {isa = PBXBuildFile; fileRef = 64A631A21ED3D69800FE6CB4 /* Realm.framework */; };
		64A631B61ED45B9700FE6CB4 /* RealmSwift.framework in Frameworks */ = {isa = PBXBuildFile; fileRef = 64A631A31ED3D69800FE6CB4 /* RealmSwift.framework */; };
		64A631B71ED45BC700FE6CB4 /* MumaNetworking.framework in Frameworks */ = {isa = PBXBuildFile; fileRef = 64A6316F1ED311F900FE6CB4 /* MumaNetworking.framework */; };
		64A631BC1ED45F1700FE6CB4 /* BaseViewController.swift in Sources */ = {isa = PBXBuildFile; fileRef = 64A631BA1ED45F1700FE6CB4 /* BaseViewController.swift */; };
		64A631BE1ED45F7D00FE6CB4 /* SegueViewController.swift in Sources */ = {isa = PBXBuildFile; fileRef = 64A631BD1ED45F7D00FE6CB4 /* SegueViewController.swift */; };
		64A631C11ED466C000FE6CB4 /* SearchViewController.swift in Sources */ = {isa = PBXBuildFile; fileRef = 64A631C01ED466C000FE6CB4 /* SearchViewController.swift */; };
		64A631C31ED4675400FE6CB4 /* UIColor+Muma.swift in Sources */ = {isa = PBXBuildFile; fileRef = 64A631C21ED4675400FE6CB4 /* UIColor+Muma.swift */; };
		64A631CA1ED46DF300FE6CB4 /* SearchAuthorCell.swift in Sources */ = {isa = PBXBuildFile; fileRef = 64A631C51ED46DF300FE6CB4 /* SearchAuthorCell.swift */; };
		64A631CB1ED46DF300FE6CB4 /* SearchMovieCell.swift in Sources */ = {isa = PBXBuildFile; fileRef = 64A631C61ED46DF300FE6CB4 /* SearchMovieCell.swift */; };
		64A631CC1ED46DF300FE6CB4 /* SearchMusicCell.swift in Sources */ = {isa = PBXBuildFile; fileRef = 64A631C71ED46DF300FE6CB4 /* SearchMusicCell.swift */; };
		64A631CD1ED46DF300FE6CB4 /* SearchPictureCell.swift in Sources */ = {isa = PBXBuildFile; fileRef = 64A631C81ED46DF300FE6CB4 /* SearchPictureCell.swift */; };
		64A631CE1ED46DF300FE6CB4 /* SearchReadCell.swift in Sources */ = {isa = PBXBuildFile; fileRef = 64A631C91ED46DF300FE6CB4 /* SearchReadCell.swift */; };
		64A631D41ED4711100FE6CB4 /* Home.storyboard in Resources */ = {isa = PBXBuildFile; fileRef = 64A631D01ED4711100FE6CB4 /* Home.storyboard */; };
		64A631D51ED4711100FE6CB4 /* Movie.storyboard in Resources */ = {isa = PBXBuildFile; fileRef = 64A631D11ED4711100FE6CB4 /* Movie.storyboard */; };
		64A631D61ED4711100FE6CB4 /* Music.storyboard in Resources */ = {isa = PBXBuildFile; fileRef = 64A631D21ED4711100FE6CB4 /* Music.storyboard */; };
		64A631D71ED4711100FE6CB4 /* Read.storyboard in Resources */ = {isa = PBXBuildFile; fileRef = 64A631D31ED4711100FE6CB4 /* Read.storyboard */; };
		64A631DA1ED4714300FE6CB4 /* Main.storyboard in Resources */ = {isa = PBXBuildFile; fileRef = 64A631D81ED4714300FE6CB4 /* Main.storyboard */; };
		7C7FD69704BD8EA7B11C3020 /* Pods_MumaTests.framework in Frameworks */ = {isa = PBXBuildFile; fileRef = C022CDBD2220F09213C41D61 /* Pods_MumaTests.framework */; };
/* End PBXBuildFile section */

/* Begin PBXContainerItemProxy section */
		648F3FB61CBB2646005B377F /* PBXContainerItemProxy */ = {
			isa = PBXContainerItemProxy;
			containerPortal = 648F3F991CBB2646005B377F /* Project object */;
			proxyType = 1;
			remoteGlobalIDString = 648F3FA01CBB2646005B377F;
			remoteInfo = Muma;
		};
		648F3FC11CBB2646005B377F /* PBXContainerItemProxy */ = {
			isa = PBXContainerItemProxy;
			containerPortal = 648F3F991CBB2646005B377F /* Project object */;
			proxyType = 1;
			remoteGlobalIDString = 648F3FA01CBB2646005B377F;
			remoteInfo = Muma;
		};
		64A631741ED311F900FE6CB4 /* PBXContainerItemProxy */ = {
			isa = PBXContainerItemProxy;
			containerPortal = 648F3F991CBB2646005B377F /* Project object */;
			proxyType = 1;
			remoteGlobalIDString = 64A6316E1ED311F900FE6CB4;
			remoteInfo = MumaNetworking;
		};
		64A6318C1ED33B2000FE6CB4 /* PBXContainerItemProxy */ = {
			isa = PBXContainerItemProxy;
			containerPortal = 648F3F991CBB2646005B377F /* Project object */;
			proxyType = 1;
			remoteGlobalIDString = 64A631861ED33B2000FE6CB4;
			remoteInfo = MumaKit;
		};
/* End PBXContainerItemProxy section */

/* Begin PBXCopyFilesBuildPhase section */
		64A6317B1ED311F900FE6CB4 /* Embed Frameworks */ = {
			isa = PBXCopyFilesBuildPhase;
			buildActionMask = 2147483647;
			dstPath = "";
			dstSubfolderSpec = 10;
			files = (
				64A631771ED311F900FE6CB4 /* MumaNetworking.framework in Embed Frameworks */,
				64A6318F1ED33B2000FE6CB4 /* MumaKit.framework in Embed Frameworks */,
			);
			name = "Embed Frameworks";
			runOnlyForDeploymentPostprocessing = 0;
		};
/* End PBXCopyFilesBuildPhase section */

/* Begin PBXFileReference section */
		07B28D2F4DD019E792664118 /* Pods-Muma.debug.xcconfig */ = {isa = PBXFileReference; includeInIndex = 1; lastKnownFileType = text.xcconfig; name = "Pods-Muma.debug.xcconfig"; path = "Pods/Target Support Files/Pods-Muma/Pods-Muma.debug.xcconfig"; sourceTree = "<group>"; };
		5EAEC44E201C47F95A9A9F65 /* Pods-MumaUITests.debug.xcconfig */ = {isa = PBXFileReference; includeInIndex = 1; lastKnownFileType = text.xcconfig; name = "Pods-MumaUITests.debug.xcconfig"; path = "Pods/Target Support Files/Pods-MumaUITests/Pods-MumaUITests.debug.xcconfig"; sourceTree = "<group>"; };
		642FBE961CBE1A3300F32C27 /* MumaNetworking.swift */ = {isa = PBXFileReference; fileEncoding = 4; lastKnownFileType = sourcecode.swift; path = MumaNetworking.swift; sourceTree = "<group>"; };
		642FBEB41CBE38EA00F32C27 /* Muma-Bridging-Header.h */ = {isa = PBXFileReference; lastKnownFileType = sourcecode.c.h; path = "Muma-Bridging-Header.h"; sourceTree = "<group>"; };
		642FBEB71CBE4CAF00F32C27 /* MumaNavigationController.swift */ = {isa = PBXFileReference; fileEncoding = 4; lastKnownFileType = sourcecode.swift; path = MumaNavigationController.swift; sourceTree = "<group>"; };
		642FBEB91CC0B84A00F32C27 /* MumaAlert.swift */ = {isa = PBXFileReference; fileEncoding = 4; lastKnownFileType = sourcecode.swift; path = MumaAlert.swift; sourceTree = "<group>"; };
		642FBEBB1CC0C11B00F32C27 /* MumaAsset.swift */ = {isa = PBXFileReference; fileEncoding = 4; lastKnownFileType = sourcecode.swift; path = MumaAsset.swift; sourceTree = "<group>"; };
		642FBEBD1CC0C1BD00F32C27 /* MumaHUD.swift */ = {isa = PBXFileReference; fileEncoding = 4; lastKnownFileType = sourcecode.swift; path = MumaHUD.swift; sourceTree = "<group>"; };
		642FBEBF1CC0C26C00F32C27 /* MumaConfig.swift */ = {isa = PBXFileReference; fileEncoding = 4; lastKnownFileType = sourcecode.swift; path = MumaConfig.swift; sourceTree = "<group>"; };
		642FBEC41CC0CD2000F32C27 /* UserAvatar.swift */ = {isa = PBXFileReference; fileEncoding = 4; lastKnownFileType = sourcecode.swift; path = UserAvatar.swift; sourceTree = "<group>"; };
		642FBEC81CC0CE1100F32C27 /* NSFileManager+Muma.swift */ = {isa = PBXFileReference; fileEncoding = 4; lastKnownFileType = sourcecode.swift; path = "NSFileManager+Muma.swift"; sourceTree = "<group>"; };
		642FBECE1CC0EB4D00F32C27 /* WorkshopRootViewController.swift */ = {isa = PBXFileReference; fileEncoding = 4; lastKnownFileType = sourcecode.swift; path = WorkshopRootViewController.swift; sourceTree = "<group>"; };
		642FBED01CC0EB7900F32C27 /* CraftsmenViewController.swift */ = {isa = PBXFileReference; fileEncoding = 4; lastKnownFileType = sourcecode.swift; path = CraftsmenViewController.swift; sourceTree = "<group>"; };
		642FBED21CC0EB9100F32C27 /* CommunityViewController.swift */ = {isa = PBXFileReference; fileEncoding = 4; lastKnownFileType = sourcecode.swift; path = CommunityViewController.swift; sourceTree = "<group>"; };
		642FBED91CC0F23100F32C27 /* UserInfoTextCell.swift */ = {isa = PBXFileReference; fileEncoding = 4; lastKnownFileType = sourcecode.swift; path = UserInfoTextCell.swift; sourceTree = "<group>"; };
		642FBEDB1CC0F40400F32C27 /* UserInfoIconCell.swift */ = {isa = PBXFileReference; fileEncoding = 4; lastKnownFileType = sourcecode.swift; path = UserInfoIconCell.swift; sourceTree = "<group>"; };
		642FBEDE1CC0F74700F32C27 /* UIScrollView+APParallaxHeader.h */ = {isa = PBXFileReference; fileEncoding = 4; lastKnownFileType = sourcecode.c.h; path = "UIScrollView+APParallaxHeader.h"; sourceTree = "<group>"; };
		642FBEDF1CC0F74700F32C27 /* UIScrollView+APParallaxHeader.m */ = {isa = PBXFileReference; fileEncoding = 4; lastKnownFileType = sourcecode.c.objc; path = "UIScrollView+APParallaxHeader.m"; sourceTree = "<group>"; };
		642FBEE21CC1C02300F32C27 /* UserInfoViewController.swift */ = {isa = PBXFileReference; fileEncoding = 4; lastKnownFileType = sourcecode.swift; path = UserInfoViewController.swift; sourceTree = "<group>"; };
		642FBEE41CC1C45100F32C27 /* UserHeaderView.swift */ = {isa = PBXFileReference; fileEncoding = 4; lastKnownFileType = sourcecode.swift; path = UserHeaderView.swift; sourceTree = "<group>"; };
		642FBEEB1CC1E35700F32C27 /* PlainAvatar.swift */ = {isa = PBXFileReference; fileEncoding = 4; lastKnownFileType = sourcecode.swift; path = PlainAvatar.swift; sourceTree = "<group>"; };
		642FBEED1CC202A500F32C27 /* TempImage.xcassets */ = {isa = PBXFileReference; lastKnownFileType = folder.assetcatalog; path = TempImage.xcassets; sourceTree = "<group>"; };
		648F3FA11CBB2646005B377F /* Muma.app */ = {isa = PBXFileReference; explicitFileType = wrapper.application; includeInIndex = 0; path = Muma.app; sourceTree = BUILT_PRODUCTS_DIR; };
		648F3FA41CBB2646005B377F /* AppDelegate.swift */ = {isa = PBXFileReference; lastKnownFileType = sourcecode.swift; path = AppDelegate.swift; sourceTree = "<group>"; };
		648F3FAB1CBB2646005B377F /* Assets.xcassets */ = {isa = PBXFileReference; lastKnownFileType = folder.assetcatalog; path = Assets.xcassets; sourceTree = "<group>"; };
		648F3FAE1CBB2646005B377F /* Base */ = {isa = PBXFileReference; lastKnownFileType = file.storyboard; name = Base; path = Base.lproj/LaunchScreen.storyboard; sourceTree = "<group>"; };
		648F3FB01CBB2646005B377F /* Info.plist */ = {isa = PBXFileReference; lastKnownFileType = text.plist.xml; path = Info.plist; sourceTree = "<group>"; };
		648F3FB51CBB2646005B377F /* MumaTests.xctest */ = {isa = PBXFileReference; explicitFileType = wrapper.cfbundle; includeInIndex = 0; path = MumaTests.xctest; sourceTree = BUILT_PRODUCTS_DIR; };
		648F3FB91CBB2646005B377F /* MumaTests.swift */ = {isa = PBXFileReference; lastKnownFileType = sourcecode.swift; path = MumaTests.swift; sourceTree = "<group>"; };
		648F3FBB1CBB2646005B377F /* Info.plist */ = {isa = PBXFileReference; lastKnownFileType = text.plist.xml; path = Info.plist; sourceTree = "<group>"; };
		648F3FC01CBB2646005B377F /* MumaUITests.xctest */ = {isa = PBXFileReference; explicitFileType = wrapper.cfbundle; includeInIndex = 0; path = MumaUITests.xctest; sourceTree = BUILT_PRODUCTS_DIR; };
		648F3FC41CBB2646005B377F /* MumaUITests.swift */ = {isa = PBXFileReference; lastKnownFileType = sourcecode.swift; path = MumaUITests.swift; sourceTree = "<group>"; };
		648F3FC61CBB2646005B377F /* Info.plist */ = {isa = PBXFileReference; lastKnownFileType = text.plist.xml; path = Info.plist; sourceTree = "<group>"; };
		648F3FD81CBDF459005B377F /* ShowStepGeniusViewController.swift */ = {isa = PBXFileReference; fileEncoding = 4; lastKnownFileType = sourcecode.swift; path = ShowStepGeniusViewController.swift; sourceTree = "<group>"; };
		648F3FD91CBDF459005B377F /* ShowStepMatchViewController.swift */ = {isa = PBXFileReference; fileEncoding = 4; lastKnownFileType = sourcecode.swift; path = ShowStepMatchViewController.swift; sourceTree = "<group>"; };
		648F3FDA1CBDF459005B377F /* ShowStepMeetViewController.swift */ = {isa = PBXFileReference; fileEncoding = 4; lastKnownFileType = sourcecode.swift; path = ShowStepMeetViewController.swift; sourceTree = "<group>"; };
		648F3FDB1CBDF459005B377F /* ShowStepViewController.swift */ = {isa = PBXFileReference; fileEncoding = 4; lastKnownFileType = sourcecode.swift; path = ShowStepViewController.swift; sourceTree = "<group>"; };
		648F3FDC1CBDF459005B377F /* ShowViewController.swift */ = {isa = PBXFileReference; fileEncoding = 4; lastKnownFileType = sourcecode.swift; path = ShowViewController.swift; sourceTree = "<group>"; };
		648F3FDF1CBDF459005B377F /* Show.xcassets */ = {isa = PBXFileReference; lastKnownFileType = folder.assetcatalog; path = Show.xcassets; sourceTree = "<group>"; };
		64A6316F1ED311F900FE6CB4 /* MumaNetworking.framework */ = {isa = PBXFileReference; explicitFileType = wrapper.framework; includeInIndex = 0; path = MumaNetworking.framework; sourceTree = BUILT_PRODUCTS_DIR; };
		64A631711ED311F900FE6CB4 /* MumaNetworking.h */ = {isa = PBXFileReference; lastKnownFileType = sourcecode.c.h; path = MumaNetworking.h; sourceTree = "<group>"; };
		64A631721ED311F900FE6CB4 /* Info.plist */ = {isa = PBXFileReference; lastKnownFileType = text.plist.xml; path = Info.plist; sourceTree = "<group>"; };
		64A6317C1ED318E100FE6CB4 /* Manager.swift */ = {isa = PBXFileReference; fileEncoding = 4; lastKnownFileType = sourcecode.swift; path = Manager.swift; sourceTree = "<group>"; };
		64A6317F1ED3203700FE6CB4 /* NSURLRequest+cURL.swift */ = {isa = PBXFileReference; fileEncoding = 4; lastKnownFileType = sourcecode.swift; path = "NSURLRequest+cURL.swift"; sourceTree = "<group>"; };
		64A631871ED33B2000FE6CB4 /* MumaKit.framework */ = {isa = PBXFileReference; explicitFileType = wrapper.framework; includeInIndex = 0; path = MumaKit.framework; sourceTree = BUILT_PRODUCTS_DIR; };
		64A631891ED33B2000FE6CB4 /* MumaKit.h */ = {isa = PBXFileReference; lastKnownFileType = sourcecode.c.h; path = MumaKit.h; sourceTree = "<group>"; };
		64A6318A1ED33B2000FE6CB4 /* Info.plist */ = {isa = PBXFileReference; lastKnownFileType = text.plist.xml; path = Info.plist; sourceTree = "<group>"; };
		64A631941ED33B9D00FE6CB4 /* FayeService.swift */ = {isa = PBXFileReference; fileEncoding = 4; lastKnownFileType = sourcecode.swift; path = FayeService.swift; sourceTree = "<group>"; };
		64A631951ED33B9D00FE6CB4 /* MumaService.swift */ = {isa = PBXFileReference; fileEncoding = 4; lastKnownFileType = sourcecode.swift; path = MumaService.swift; sourceTree = "<group>"; };
		64A631961ED33B9D00FE6CB4 /* ParseService.swift */ = {isa = PBXFileReference; fileEncoding = 4; lastKnownFileType = sourcecode.swift; path = ParseService.swift; sourceTree = "<group>"; };
		64A6319C1ED34CDC00FE6CB4 /* Config.swift */ = {isa = PBXFileReference; fileEncoding = 4; lastKnownFileType = sourcecode.swift; path = Config.swift; sourceTree = "<group>"; };
		64A6319F1ED3CAF800FE6CB4 /* MumaUserDefaults.swift */ = {isa = PBXFileReference; fileEncoding = 4; lastKnownFileType = sourcecode.swift; path = MumaUserDefaults.swift; sourceTree = "<group>"; };
		64A631A11ED3D69800FE6CB4 /* Alamofire.framework */ = {isa = PBXFileReference; lastKnownFileType = wrapper.framework; name = Alamofire.framework; path = Carthage/Build/iOS/Alamofire.framework; sourceTree = "<group>"; };
		64A631A21ED3D69800FE6CB4 /* Realm.framework */ = {isa = PBXFileReference; lastKnownFileType = wrapper.framework; name = Realm.framework; path = Carthage/Build/iOS/Realm.framework; sourceTree = "<group>"; };
		64A631A31ED3D69800FE6CB4 /* RealmSwift.framework */ = {isa = PBXFileReference; lastKnownFileType = wrapper.framework; name = RealmSwift.framework; path = Carthage/Build/iOS/RealmSwift.framework; sourceTree = "<group>"; };
		64A631AA1ED3E05900FE6CB4 /* Conversation.swift */ = {isa = PBXFileReference; fileEncoding = 4; lastKnownFileType = sourcecode.swift; path = Conversation.swift; sourceTree = "<group>"; };
		64A631AB1ED3E05900FE6CB4 /* Group.swift */ = {isa = PBXFileReference; fileEncoding = 4; lastKnownFileType = sourcecode.swift; path = Group.swift; sourceTree = "<group>"; };
		64A631AC1ED3E05900FE6CB4 /* Message.swift */ = {isa = PBXFileReference; fileEncoding = 4; lastKnownFileType = sourcecode.swift; path = Message.swift; sourceTree = "<group>"; };
		64A631AD1ED3E05900FE6CB4 /* Realm.swift */ = {isa = PBXFileReference; fileEncoding = 4; lastKnownFileType = sourcecode.swift; path = Realm.swift; sourceTree = "<group>"; };
		64A631AE1ED3E05900FE6CB4 /* User.swift */ = {isa = PBXFileReference; fileEncoding = 4; lastKnownFileType = sourcecode.swift; path = User.swift; sourceTree = "<group>"; };
		64A631BA1ED45F1700FE6CB4 /* BaseViewController.swift */ = {isa = PBXFileReference; fileEncoding = 4; lastKnownFileType = sourcecode.swift; path = BaseViewController.swift; sourceTree = "<group>"; };
		64A631BD1ED45F7D00FE6CB4 /* SegueViewController.swift */ = {isa = PBXFileReference; fileEncoding = 4; lastKnownFileType = sourcecode.swift; path = SegueViewController.swift; sourceTree = "<group>"; };
		64A631C01ED466C000FE6CB4 /* SearchViewController.swift */ = {isa = PBXFileReference; fileEncoding = 4; lastKnownFileType = sourcecode.swift; path = SearchViewController.swift; sourceTree = "<group>"; };
		64A631C21ED4675400FE6CB4 /* UIColor+Muma.swift */ = {isa = PBXFileReference; fileEncoding = 4; lastKnownFileType = sourcecode.swift; path = "UIColor+Muma.swift"; sourceTree = "<group>"; };
		64A631C51ED46DF300FE6CB4 /* SearchAuthorCell.swift */ = {isa = PBXFileReference; fileEncoding = 4; lastKnownFileType = sourcecode.swift; path = SearchAuthorCell.swift; sourceTree = "<group>"; };
		64A631C61ED46DF300FE6CB4 /* SearchMovieCell.swift */ = {isa = PBXFileReference; fileEncoding = 4; lastKnownFileType = sourcecode.swift; path = SearchMovieCell.swift; sourceTree = "<group>"; };
		64A631C71ED46DF300FE6CB4 /* SearchMusicCell.swift */ = {isa = PBXFileReference; fileEncoding = 4; lastKnownFileType = sourcecode.swift; path = SearchMusicCell.swift; sourceTree = "<group>"; };
		64A631C81ED46DF300FE6CB4 /* SearchPictureCell.swift */ = {isa = PBXFileReference; fileEncoding = 4; lastKnownFileType = sourcecode.swift; path = SearchPictureCell.swift; sourceTree = "<group>"; };
		64A631C91ED46DF300FE6CB4 /* SearchReadCell.swift */ = {isa = PBXFileReference; fileEncoding = 4; lastKnownFileType = sourcecode.swift; path = SearchReadCell.swift; sourceTree = "<group>"; };
		64A631D01ED4711100FE6CB4 /* Home.storyboard */ = {isa = PBXFileReference; fileEncoding = 4; lastKnownFileType = file.storyboard; path = Home.storyboard; sourceTree = "<group>"; };
		64A631D11ED4711100FE6CB4 /* Movie.storyboard */ = {isa = PBXFileReference; fileEncoding = 4; lastKnownFileType = file.storyboard; path = Movie.storyboard; sourceTree = "<group>"; };
		64A631D21ED4711100FE6CB4 /* Music.storyboard */ = {isa = PBXFileReference; fileEncoding = 4; lastKnownFileType = file.storyboard; path = Music.storyboard; sourceTree = "<group>"; };
		64A631D31ED4711100FE6CB4 /* Read.storyboard */ = {isa = PBXFileReference; fileEncoding = 4; lastKnownFileType = file.storyboard; path = Read.storyboard; sourceTree = "<group>"; };
		64A631D91ED4714300FE6CB4 /* Base */ = {isa = PBXFileReference; lastKnownFileType = file.storyboard; name = Base; path = Base.lproj/Main.storyboard; sourceTree = "<group>"; };
		688C2A28D2119F8B37FD6E72 /* Pods_MumaUITests.framework */ = {isa = PBXFileReference; explicitFileType = wrapper.framework; includeInIndex = 0; path = Pods_MumaUITests.framework; sourceTree = BUILT_PRODUCTS_DIR; };
		881B9ABEC61BA9B2C98FC95C /* Pods-Muma.release.xcconfig */ = {isa = PBXFileReference; includeInIndex = 1; lastKnownFileType = text.xcconfig; name = "Pods-Muma.release.xcconfig"; path = "Pods/Target Support Files/Pods-Muma/Pods-Muma.release.xcconfig"; sourceTree = "<group>"; };
		959D37461C06DEDB1D22A8F0 /* Pods-MumaTests.release.xcconfig */ = {isa = PBXFileReference; includeInIndex = 1; lastKnownFileType = text.xcconfig; name = "Pods-MumaTests.release.xcconfig"; path = "Pods/Target Support Files/Pods-MumaTests/Pods-MumaTests.release.xcconfig"; sourceTree = "<group>"; };
		9BFE23B6BC324A469D63230F /* Pods-MumaUITests.release.xcconfig */ = {isa = PBXFileReference; includeInIndex = 1; lastKnownFileType = text.xcconfig; name = "Pods-MumaUITests.release.xcconfig"; path = "Pods/Target Support Files/Pods-MumaUITests/Pods-MumaUITests.release.xcconfig"; sourceTree = "<group>"; };
		A01630784A41355A1AFD3D6A /* Pods-MumaTests.debug.xcconfig */ = {isa = PBXFileReference; includeInIndex = 1; lastKnownFileType = text.xcconfig; name = "Pods-MumaTests.debug.xcconfig"; path = "Pods/Target Support Files/Pods-MumaTests/Pods-MumaTests.debug.xcconfig"; sourceTree = "<group>"; };
		B4E86BDCBAE5EED84F9FF817 /* Pods_Muma.framework */ = {isa = PBXFileReference; explicitFileType = wrapper.framework; includeInIndex = 0; path = Pods_Muma.framework; sourceTree = BUILT_PRODUCTS_DIR; };
		C022CDBD2220F09213C41D61 /* Pods_MumaTests.framework */ = {isa = PBXFileReference; explicitFileType = wrapper.framework; includeInIndex = 0; path = Pods_MumaTests.framework; sourceTree = BUILT_PRODUCTS_DIR; };
/* End PBXFileReference section */

/* Begin PBXFrameworksBuildPhase section */
		648F3F9E1CBB2646005B377F /* Frameworks */ = {
			isa = PBXFrameworksBuildPhase;
			buildActionMask = 2147483647;
			files = (
				64A631B41ED45B9700FE6CB4 /* Alamofire.framework in Frameworks */,
				64A631B51ED45B9700FE6CB4 /* Realm.framework in Frameworks */,
				64A631B61ED45B9700FE6CB4 /* RealmSwift.framework in Frameworks */,
				64A6318E1ED33B2000FE6CB4 /* MumaKit.framework in Frameworks */,
				64A631761ED311F900FE6CB4 /* MumaNetworking.framework in Frameworks */,
				39139D9FAD8014CCDB7B9F20 /* Pods_Muma.framework in Frameworks */,
			);
			runOnlyForDeploymentPostprocessing = 0;
		};
		648F3FB21CBB2646005B377F /* Frameworks */ = {
			isa = PBXFrameworksBuildPhase;
			buildActionMask = 2147483647;
			files = (
				7C7FD69704BD8EA7B11C3020 /* Pods_MumaTests.framework in Frameworks */,
			);
			runOnlyForDeploymentPostprocessing = 0;
		};
		648F3FBD1CBB2646005B377F /* Frameworks */ = {
			isa = PBXFrameworksBuildPhase;
			buildActionMask = 2147483647;
			files = (
				58B1388A61D409BD0EC6FA8E /* Pods_MumaUITests.framework in Frameworks */,
			);
			runOnlyForDeploymentPostprocessing = 0;
		};
		64A6316B1ED311F900FE6CB4 /* Frameworks */ = {
			isa = PBXFrameworksBuildPhase;
			buildActionMask = 2147483647;
			files = (
			);
			runOnlyForDeploymentPostprocessing = 0;
		};
		64A631831ED33B2000FE6CB4 /* Frameworks */ = {
			isa = PBXFrameworksBuildPhase;
			buildActionMask = 2147483647;
			files = (
				64A631B71ED45BC700FE6CB4 /* MumaNetworking.framework in Frameworks */,
				64A631A41ED3D69800FE6CB4 /* Alamofire.framework in Frameworks */,
				64A631A51ED3D69800FE6CB4 /* Realm.framework in Frameworks */,
				64A631A61ED3D69800FE6CB4 /* RealmSwift.framework in Frameworks */,
			);
			runOnlyForDeploymentPostprocessing = 0;
		};
/* End PBXFrameworksBuildPhase section */

/* Begin PBXGroup section */
		1D15F743C12A687347B400AB /* Pods */ = {
			isa = PBXGroup;
			children = (
				07B28D2F4DD019E792664118 /* Pods-Muma.debug.xcconfig */,
				881B9ABEC61BA9B2C98FC95C /* Pods-Muma.release.xcconfig */,
				A01630784A41355A1AFD3D6A /* Pods-MumaTests.debug.xcconfig */,
				959D37461C06DEDB1D22A8F0 /* Pods-MumaTests.release.xcconfig */,
				5EAEC44E201C47F95A9A9F65 /* Pods-MumaUITests.debug.xcconfig */,
				9BFE23B6BC324A469D63230F /* Pods-MumaUITests.release.xcconfig */,
			);
			name = Pods;
			sourceTree = "<group>";
		};
		642FBEA31CBE259F00F32C27 /* Helpers */ = {
			isa = PBXGroup;
			children = (
				642FBEBF1CC0C26C00F32C27 /* MumaConfig.swift */,
				642FBEB91CC0B84A00F32C27 /* MumaAlert.swift */,
				642FBEBB1CC0C11B00F32C27 /* MumaAsset.swift */,
				642FBEBD1CC0C1BD00F32C27 /* MumaHUD.swift */,
			);
			path = Helpers;
			sourceTree = "<group>";
		};
		642FBEA61CBE384D00F32C27 /* Vendors */ = {
			isa = PBXGroup;
			children = (
				642FBEDD1CC0F74700F32C27 /* APParallaxHeader */,
			);
			path = Vendors;
			sourceTree = "<group>";
		};
		642FBEC31CC0CD1100F32C27 /* Caches */ = {
			isa = PBXGroup;
			children = (
				642FBEC41CC0CD2000F32C27 /* UserAvatar.swift */,
				642FBEEB1CC1E35700F32C27 /* PlainAvatar.swift */,
			);
			path = Caches;
			sourceTree = "<group>";
		};
		642FBEC61CC0CDBB00F32C27 /* Extentions */ = {
			isa = PBXGroup;
			children = (
				642FBEC81CC0CE1100F32C27 /* NSFileManager+Muma.swift */,
				64A631C21ED4675400FE6CB4 /* UIColor+Muma.swift */,
			);
			path = Extentions;
			sourceTree = "<group>";
		};
		642FBECA1CC0E7F900F32C27 /* Workshop */ = {
			isa = PBXGroup;
			children = (
				642FBECE1CC0EB4D00F32C27 /* WorkshopRootViewController.swift */,
			);
			path = Workshop;
			sourceTree = "<group>";
		};
		642FBECB1CC0E91600F32C27 /* Community */ = {
			isa = PBXGroup;
			children = (
				642FBED21CC0EB9100F32C27 /* CommunityViewController.swift */,
			);
			path = Community;
			sourceTree = "<group>";
		};
		642FBECC1CC0E91600F32C27 /* Craftsmen */ = {
			isa = PBXGroup;
			children = (
				642FBED01CC0EB7900F32C27 /* CraftsmenViewController.swift */,
			);
			path = Craftsmen;
			sourceTree = "<group>";
		};
		642FBECD1CC0E91600F32C27 /* Mine */ = {
			isa = PBXGroup;
			children = (
			);
			path = Mine;
			sourceTree = "<group>";
		};
		642FBED61CC0F13900F32C27 /* Views */ = {
			isa = PBXGroup;
			children = (
				642FBEE61CC1C46100F32C27 /* Common */,
				642FBED81CC0F20600F32C27 /* Cell */,
			);
			path = Views;
			sourceTree = "<group>";
		};
		642FBED81CC0F20600F32C27 /* Cell */ = {
			isa = PBXGroup;
			children = (
				64A631C41ED46DF300FE6CB4 /* Search */,
				642FBED91CC0F23100F32C27 /* UserInfoTextCell.swift */,
				642FBEDB1CC0F40400F32C27 /* UserInfoIconCell.swift */,
			);
			path = Cell;
			sourceTree = "<group>";
		};
		642FBEDD1CC0F74700F32C27 /* APParallaxHeader */ = {
			isa = PBXGroup;
			children = (
				642FBEDE1CC0F74700F32C27 /* UIScrollView+APParallaxHeader.h */,
				642FBEDF1CC0F74700F32C27 /* UIScrollView+APParallaxHeader.m */,
			);
			path = APParallaxHeader;
			sourceTree = "<group>";
		};
		642FBEE11CC1BFF900F32C27 /* Common */ = {
			isa = PBXGroup;
			children = (
				642FBEE21CC1C02300F32C27 /* UserInfoViewController.swift */,
			);
			path = Common;
			sourceTree = "<group>";
		};
		642FBEE61CC1C46100F32C27 /* Common */ = {
			isa = PBXGroup;
			children = (
				642FBEE41CC1C45100F32C27 /* UserHeaderView.swift */,
			);
			path = Common;
			sourceTree = "<group>";
		};
		648F3F981CBB2646005B377F = {
			isa = PBXGroup;
			children = (
				648F3FA31CBB2646005B377F /* Muma */,
				648F3FB81CBB2646005B377F /* MumaTests */,
				648F3FC31CBB2646005B377F /* MumaUITests */,
				64A631701ED311F900FE6CB4 /* MumaNetworking */,
				64A631881ED33B2000FE6CB4 /* MumaKit */,
				648F3FA21CBB2646005B377F /* Products */,
				1D15F743C12A687347B400AB /* Pods */,
				7D4CC85473B0F303B3B24302 /* Frameworks */,
			);
			sourceTree = "<group>";
		};
		648F3FA21CBB2646005B377F /* Products */ = {
			isa = PBXGroup;
			children = (
				648F3FA11CBB2646005B377F /* Muma.app */,
				648F3FB51CBB2646005B377F /* MumaTests.xctest */,
				648F3FC01CBB2646005B377F /* MumaUITests.xctest */,
				64A6316F1ED311F900FE6CB4 /* MumaNetworking.framework */,
				64A631871ED33B2000FE6CB4 /* MumaKit.framework */,
			);
			name = Products;
			sourceTree = "<group>";
		};
		648F3FA31CBB2646005B377F /* Muma */ = {
			isa = PBXGroup;
			children = (
				642FBEB41CBE38EA00F32C27 /* Muma-Bridging-Header.h */,
				648F3FA41CBB2646005B377F /* AppDelegate.swift */,
				64A631B81ED45F1700FE6CB4 /* Base */,
				642FBEA61CBE384D00F32C27 /* Vendors */,
				642FBEC61CC0CDBB00F32C27 /* Extentions */,
				642FBEA31CBE259F00F32C27 /* Helpers */,
				642FBEC31CC0CD1100F32C27 /* Caches */,
				642FBED61CC0F13900F32C27 /* Views */,
				648F3FD51CBDF459005B377F /* Controllers */,
				64A631CF1ED4711100FE6CB4 /* Storyboards */,
				64A631D81ED4714300FE6CB4 /* Main.storyboard */,
				648F3FAB1CBB2646005B377F /* Assets.xcassets */,
				648F3FDF1CBDF459005B377F /* Show.xcassets */,
				642FBEED1CC202A500F32C27 /* TempImage.xcassets */,
				648F3FAD1CBB2646005B377F /* LaunchScreen.storyboard */,
				648F3FB01CBB2646005B377F /* Info.plist */,
			);
			path = Muma;
			sourceTree = "<group>";
		};
		648F3FB81CBB2646005B377F /* MumaTests */ = {
			isa = PBXGroup;
			children = (
				648F3FB91CBB2646005B377F /* MumaTests.swift */,
				648F3FBB1CBB2646005B377F /* Info.plist */,
			);
			path = MumaTests;
			sourceTree = "<group>";
		};
		648F3FC31CBB2646005B377F /* MumaUITests */ = {
			isa = PBXGroup;
			children = (
				648F3FC41CBB2646005B377F /* MumaUITests.swift */,
				648F3FC61CBB2646005B377F /* Info.plist */,
			);
			path = MumaUITests;
			sourceTree = "<group>";
		};
		648F3FD51CBDF459005B377F /* Controllers */ = {
			isa = PBXGroup;
			children = (
				648F3FD61CBDF459005B377F /* Base */,
				64A631BF1ED466C000FE6CB4 /* Search */,
				642FBEE11CC1BFF900F32C27 /* Common */,
				648F3FD71CBDF459005B377F /* Welcome */,
				642FBECA1CC0E7F900F32C27 /* Workshop */,
				642FBECC1CC0E91600F32C27 /* Craftsmen */,
				642FBECB1CC0E91600F32C27 /* Community */,
				642FBECD1CC0E91600F32C27 /* Mine */,
			);
			path = Controllers;
			sourceTree = "<group>";
		};
		648F3FD61CBDF459005B377F /* Base */ = {
			isa = PBXGroup;
			children = (
				642FBEB71CBE4CAF00F32C27 /* MumaNavigationController.swift */,
			);
			path = Base;
			sourceTree = "<group>";
		};
		648F3FD71CBDF459005B377F /* Welcome */ = {
			isa = PBXGroup;
			children = (
				648F3FD81CBDF459005B377F /* ShowStepGeniusViewController.swift */,
				648F3FD91CBDF459005B377F /* ShowStepMatchViewController.swift */,
				648F3FDA1CBDF459005B377F /* ShowStepMeetViewController.swift */,
				648F3FDB1CBDF459005B377F /* ShowStepViewController.swift */,
				648F3FDC1CBDF459005B377F /* ShowViewController.swift */,
			);
			path = Welcome;
			sourceTree = "<group>";
		};
		64A631701ED311F900FE6CB4 /* MumaNetworking */ = {
			isa = PBXGroup;
			children = (
				64A631711ED311F900FE6CB4 /* MumaNetworking.h */,
				642FBE961CBE1A3300F32C27 /* MumaNetworking.swift */,
				64A6317C1ED318E100FE6CB4 /* Manager.swift */,
				64A6317E1ED3203700FE6CB4 /* Extensions */,
				64A631721ED311F900FE6CB4 /* Info.plist */,
			);
			path = MumaNetworking;
			sourceTree = "<group>";
		};
		64A6317E1ED3203700FE6CB4 /* Extensions */ = {
			isa = PBXGroup;
			children = (
				64A6317F1ED3203700FE6CB4 /* NSURLRequest+cURL.swift */,
			);
			path = Extensions;
			sourceTree = "<group>";
		};
		64A631881ED33B2000FE6CB4 /* MumaKit */ = {
			isa = PBXGroup;
			children = (
				64A631891ED33B2000FE6CB4 /* MumaKit.h */,
				64A6319C1ED34CDC00FE6CB4 /* Config.swift */,
				64A6319E1ED3CAF800FE6CB4 /* UserDefaults */,
				64A631931ED33B9D00FE6CB4 /* Services */,
				64A631A91ED3E05900FE6CB4 /* Persistence */,
				64A6318A1ED33B2000FE6CB4 /* Info.plist */,
			);
			path = MumaKit;
			sourceTree = "<group>";
		};
		64A631931ED33B9D00FE6CB4 /* Services */ = {
			isa = PBXGroup;
			children = (
				64A631941ED33B9D00FE6CB4 /* FayeService.swift */,
				64A631951ED33B9D00FE6CB4 /* MumaService.swift */,
				64A631961ED33B9D00FE6CB4 /* ParseService.swift */,
			);
			path = Services;
			sourceTree = "<group>";
		};
		64A6319E1ED3CAF800FE6CB4 /* UserDefaults */ = {
			isa = PBXGroup;
			children = (
				64A6319F1ED3CAF800FE6CB4 /* MumaUserDefaults.swift */,
			);
			path = UserDefaults;
			sourceTree = "<group>";
		};
		64A631A91ED3E05900FE6CB4 /* Persistence */ = {
			isa = PBXGroup;
			children = (
				64A631AD1ED3E05900FE6CB4 /* Realm.swift */,
				64A631AE1ED3E05900FE6CB4 /* User.swift */,
				64A631AA1ED3E05900FE6CB4 /* Conversation.swift */,
				64A631AB1ED3E05900FE6CB4 /* Group.swift */,
				64A631AC1ED3E05900FE6CB4 /* Message.swift */,
			);
			path = Persistence;
			sourceTree = "<group>";
		};
		64A631B81ED45F1700FE6CB4 /* Base */ = {
			isa = PBXGroup;
			children = (
				64A631BD1ED45F7D00FE6CB4 /* SegueViewController.swift */,
				64A631BA1ED45F1700FE6CB4 /* BaseViewController.swift */,
			);
			path = Base;
			sourceTree = "<group>";
		};
		64A631BF1ED466C000FE6CB4 /* Search */ = {
			isa = PBXGroup;
			children = (
				64A631C01ED466C000FE6CB4 /* SearchViewController.swift */,
			);
			path = Search;
			sourceTree = "<group>";
		};
		64A631C41ED46DF300FE6CB4 /* Search */ = {
			isa = PBXGroup;
			children = (
				64A631C51ED46DF300FE6CB4 /* SearchAuthorCell.swift */,
				64A631C61ED46DF300FE6CB4 /* SearchMovieCell.swift */,
				64A631C71ED46DF300FE6CB4 /* SearchMusicCell.swift */,
				64A631C81ED46DF300FE6CB4 /* SearchPictureCell.swift */,
				64A631C91ED46DF300FE6CB4 /* SearchReadCell.swift */,
			);
			path = Search;
			sourceTree = "<group>";
		};
		64A631CF1ED4711100FE6CB4 /* Storyboards */ = {
			isa = PBXGroup;
			children = (
				64A631D01ED4711100FE6CB4 /* Home.storyboard */,
				64A631D11ED4711100FE6CB4 /* Movie.storyboard */,
				64A631D21ED4711100FE6CB4 /* Music.storyboard */,
				64A631D31ED4711100FE6CB4 /* Read.storyboard */,
			);
			path = Storyboards;
			sourceTree = "<group>";
		};
		7D4CC85473B0F303B3B24302 /* Frameworks */ = {
			isa = PBXGroup;
			children = (
				64A631A11ED3D69800FE6CB4 /* Alamofire.framework */,
				64A631A21ED3D69800FE6CB4 /* Realm.framework */,
				64A631A31ED3D69800FE6CB4 /* RealmSwift.framework */,
				B4E86BDCBAE5EED84F9FF817 /* Pods_Muma.framework */,
				C022CDBD2220F09213C41D61 /* Pods_MumaTests.framework */,
				688C2A28D2119F8B37FD6E72 /* Pods_MumaUITests.framework */,
			);
			name = Frameworks;
			sourceTree = "<group>";
		};
/* End PBXGroup section */

/* Begin PBXHeadersBuildPhase section */
		64A6316C1ED311F900FE6CB4 /* Headers */ = {
			isa = PBXHeadersBuildPhase;
			buildActionMask = 2147483647;
			files = (
				64A631731ED311F900FE6CB4 /* MumaNetworking.h in Headers */,
			);
			runOnlyForDeploymentPostprocessing = 0;
		};
		64A631841ED33B2000FE6CB4 /* Headers */ = {
			isa = PBXHeadersBuildPhase;
			buildActionMask = 2147483647;
			files = (
				64A6318B1ED33B2000FE6CB4 /* MumaKit.h in Headers */,
			);
			runOnlyForDeploymentPostprocessing = 0;
		};
/* End PBXHeadersBuildPhase section */

/* Begin PBXNativeTarget section */
		648F3FA01CBB2646005B377F /* Muma */ = {
			isa = PBXNativeTarget;
			buildConfigurationList = 648F3FC91CBB2646005B377F /* Build configuration list for PBXNativeTarget "Muma" */;
			buildPhases = (
				942026DDE178754068DD66CF /* [CP] Check Pods Manifest.lock */,
				648F3F9D1CBB2646005B377F /* Sources */,
				648F3F9E1CBB2646005B377F /* Frameworks */,
				648F3F9F1CBB2646005B377F /* Resources */,
				546F6A649B74A7AE5F54DB8F /* [CP] Embed Pods Frameworks */,
				825E5F8291834BA6F55CD704 /* [CP] Copy Pods Resources */,
				64A6317B1ED311F900FE6CB4 /* Embed Frameworks */,
				64A631A81ED3DFC600FE6CB4 /* ShellScript */,
			);
			buildRules = (
			);
			dependencies = (
				64A631751ED311F900FE6CB4 /* PBXTargetDependency */,
				64A6318D1ED33B2000FE6CB4 /* PBXTargetDependency */,
			);
			name = Muma;
			productName = Muma;
			productReference = 648F3FA11CBB2646005B377F /* Muma.app */;
			productType = "com.apple.product-type.application";
		};
		648F3FB41CBB2646005B377F /* MumaTests */ = {
			isa = PBXNativeTarget;
			buildConfigurationList = 648F3FCC1CBB2646005B377F /* Build configuration list for PBXNativeTarget "MumaTests" */;
			buildPhases = (
				89E33300DB7ECD4E2D235C95 /* [CP] Check Pods Manifest.lock */,
				648F3FB11CBB2646005B377F /* Sources */,
				648F3FB21CBB2646005B377F /* Frameworks */,
				648F3FB31CBB2646005B377F /* Resources */,
				1665C4B3AE339B4B3E0B7919 /* [CP] Embed Pods Frameworks */,
				29F8027C53FCD375EA151114 /* [CP] Copy Pods Resources */,
			);
			buildRules = (
			);
			dependencies = (
				648F3FB71CBB2646005B377F /* PBXTargetDependency */,
			);
			name = MumaTests;
			productName = MumaTests;
			productReference = 648F3FB51CBB2646005B377F /* MumaTests.xctest */;
			productType = "com.apple.product-type.bundle.unit-test";
		};
		648F3FBF1CBB2646005B377F /* MumaUITests */ = {
			isa = PBXNativeTarget;
			buildConfigurationList = 648F3FCF1CBB2646005B377F /* Build configuration list for PBXNativeTarget "MumaUITests" */;
			buildPhases = (
				0AC0B025536A8A6036A90C45 /* [CP] Check Pods Manifest.lock */,
				648F3FBC1CBB2646005B377F /* Sources */,
				648F3FBD1CBB2646005B377F /* Frameworks */,
				648F3FBE1CBB2646005B377F /* Resources */,
				B2AB31FDB0C921F890A6F356 /* [CP] Copy Pods Resources */,
				ACF4D6BF2D84AB43A7A3C751 /* [CP] Embed Pods Frameworks */,
			);
			buildRules = (
			);
			dependencies = (
				648F3FC21CBB2646005B377F /* PBXTargetDependency */,
			);
			name = MumaUITests;
			productName = MumaUITests;
			productReference = 648F3FC01CBB2646005B377F /* MumaUITests.xctest */;
			productType = "com.apple.product-type.bundle.ui-testing";
		};
		64A6316E1ED311F900FE6CB4 /* MumaNetworking */ = {
			isa = PBXNativeTarget;
			buildConfigurationList = 64A631781ED311F900FE6CB4 /* Build configuration list for PBXNativeTarget "MumaNetworking" */;
			buildPhases = (
				64A6316A1ED311F900FE6CB4 /* Sources */,
				64A6316B1ED311F900FE6CB4 /* Frameworks */,
				64A6316C1ED311F900FE6CB4 /* Headers */,
				64A6316D1ED311F900FE6CB4 /* Resources */,
			);
			buildRules = (
			);
			dependencies = (
			);
			name = MumaNetworking;
			productName = MumaNetworking;
			productReference = 64A6316F1ED311F900FE6CB4 /* MumaNetworking.framework */;
			productType = "com.apple.product-type.framework";
		};
		64A631861ED33B2000FE6CB4 /* MumaKit */ = {
			isa = PBXNativeTarget;
			buildConfigurationList = 64A631901ED33B2000FE6CB4 /* Build configuration list for PBXNativeTarget "MumaKit" */;
			buildPhases = (
				64A631821ED33B2000FE6CB4 /* Sources */,
				64A631831ED33B2000FE6CB4 /* Frameworks */,
				64A631841ED33B2000FE6CB4 /* Headers */,
				64A631851ED33B2000FE6CB4 /* Resources */,
			);
			buildRules = (
			);
			dependencies = (
			);
			name = MumaKit;
			productName = MumaKit;
			productReference = 64A631871ED33B2000FE6CB4 /* MumaKit.framework */;
			productType = "com.apple.product-type.framework";
		};
/* End PBXNativeTarget section */

/* Begin PBXProject section */
		648F3F991CBB2646005B377F /* Project object */ = {
			isa = PBXProject;
			attributes = {
				LastSwiftUpdateCheck = 0730;
				LastUpgradeCheck = 0730;
				ORGANIZATIONNAME = Binboy;
				TargetAttributes = {
					648F3FA01CBB2646005B377F = {
						CreatedOnToolsVersion = 7.3;
						DevelopmentTeam = 9SN638XV89;
						LastSwiftMigration = 0830;
					};
					648F3FB41CBB2646005B377F = {
						CreatedOnToolsVersion = 7.3;
						LastSwiftMigration = 0830;
						TestTargetID = 648F3FA01CBB2646005B377F;
					};
					648F3FBF1CBB2646005B377F = {
						CreatedOnToolsVersion = 7.3;
						LastSwiftMigration = 0830;
						TestTargetID = 648F3FA01CBB2646005B377F;
					};
					64A6316E1ED311F900FE6CB4 = {
						CreatedOnToolsVersion = 8.3.2;
						LastSwiftMigration = 0830;
						ProvisioningStyle = Automatic;
					};
					64A631861ED33B2000FE6CB4 = {
						CreatedOnToolsVersion = 8.3.2;
						ProvisioningStyle = Automatic;
					};
				};
			};
			buildConfigurationList = 648F3F9C1CBB2646005B377F /* Build configuration list for PBXProject "Muma" */;
			compatibilityVersion = "Xcode 3.2";
			developmentRegion = English;
			hasScannedForEncodings = 0;
			knownRegions = (
				en,
				Base,
			);
			mainGroup = 648F3F981CBB2646005B377F;
			productRefGroup = 648F3FA21CBB2646005B377F /* Products */;
			projectDirPath = "";
			projectRoot = "";
			targets = (
				648F3FA01CBB2646005B377F /* Muma */,
				648F3FB41CBB2646005B377F /* MumaTests */,
				648F3FBF1CBB2646005B377F /* MumaUITests */,
				64A6316E1ED311F900FE6CB4 /* MumaNetworking */,
				64A631861ED33B2000FE6CB4 /* MumaKit */,
			);
		};
/* End PBXProject section */

/* Begin PBXResourcesBuildPhase section */
		648F3F9F1CBB2646005B377F /* Resources */ = {
			isa = PBXResourcesBuildPhase;
			buildActionMask = 2147483647;
			files = (
				648F3FAF1CBB2646005B377F /* LaunchScreen.storyboard in Resources */,
				64A631D51ED4711100FE6CB4 /* Movie.storyboard in Resources */,
				64A631D71ED4711100FE6CB4 /* Read.storyboard in Resources */,
				64A631D61ED4711100FE6CB4 /* Music.storyboard in Resources */,
				64A631D41ED4711100FE6CB4 /* Home.storyboard in Resources */,
				648F3FAC1CBB2646005B377F /* Assets.xcassets in Resources */,
				64A631DA1ED4714300FE6CB4 /* Main.storyboard in Resources */,
				648F3FE91CBDF459005B377F /* Show.xcassets in Resources */,
				642FBEEE1CC202A500F32C27 /* TempImage.xcassets in Resources */,
			);
			runOnlyForDeploymentPostprocessing = 0;
		};
		648F3FB31CBB2646005B377F /* Resources */ = {
			isa = PBXResourcesBuildPhase;
			buildActionMask = 2147483647;
			files = (
			);
			runOnlyForDeploymentPostprocessing = 0;
		};
		648F3FBE1CBB2646005B377F /* Resources */ = {
			isa = PBXResourcesBuildPhase;
			buildActionMask = 2147483647;
			files = (
			);
			runOnlyForDeploymentPostprocessing = 0;
		};
		64A6316D1ED311F900FE6CB4 /* Resources */ = {
			isa = PBXResourcesBuildPhase;
			buildActionMask = 2147483647;
			files = (
			);
			runOnlyForDeploymentPostprocessing = 0;
		};
		64A631851ED33B2000FE6CB4 /* Resources */ = {
			isa = PBXResourcesBuildPhase;
			buildActionMask = 2147483647;
			files = (
			);
			runOnlyForDeploymentPostprocessing = 0;
		};
/* End PBXResourcesBuildPhase section */

/* Begin PBXShellScriptBuildPhase section */
		0AC0B025536A8A6036A90C45 /* [CP] Check Pods Manifest.lock */ = {
			isa = PBXShellScriptBuildPhase;
			buildActionMask = 2147483647;
			files = (
			);
			inputPaths = (
			);
			name = "[CP] Check Pods Manifest.lock";
			outputPaths = (
			);
			runOnlyForDeploymentPostprocessing = 0;
			shellPath = /bin/sh;
			shellScript = "diff \"${PODS_PODFILE_DIR_PATH}/Podfile.lock\" \"${PODS_ROOT}/Manifest.lock\" > /dev/null\nif [ $? != 0 ] ; then\n    # print error to STDERR\n    echo \"error: The sandbox is not in sync with the Podfile.lock. Run 'pod install' or update your CocoaPods installation.\" >&2\n    exit 1\nfi\n";
			showEnvVarsInLog = 0;
		};
		1665C4B3AE339B4B3E0B7919 /* [CP] Embed Pods Frameworks */ = {
			isa = PBXShellScriptBuildPhase;
			buildActionMask = 2147483647;
			files = (
			);
			inputPaths = (
			);
			name = "[CP] Embed Pods Frameworks";
			outputPaths = (
			);
			runOnlyForDeploymentPostprocessing = 0;
			shellPath = /bin/sh;
			shellScript = "\"${SRCROOT}/Pods/Target Support Files/Pods-MumaTests/Pods-MumaTests-frameworks.sh\"\n";
			showEnvVarsInLog = 0;
		};
		29F8027C53FCD375EA151114 /* [CP] Copy Pods Resources */ = {
			isa = PBXShellScriptBuildPhase;
			buildActionMask = 2147483647;
			files = (
			);
			inputPaths = (
			);
			name = "[CP] Copy Pods Resources";
			outputPaths = (
			);
			runOnlyForDeploymentPostprocessing = 0;
			shellPath = /bin/sh;
			shellScript = "\"${SRCROOT}/Pods/Target Support Files/Pods-MumaTests/Pods-MumaTests-resources.sh\"\n";
			showEnvVarsInLog = 0;
		};
		546F6A649B74A7AE5F54DB8F /* [CP] Embed Pods Frameworks */ = {
			isa = PBXShellScriptBuildPhase;
			buildActionMask = 2147483647;
			files = (
			);
			inputPaths = (
			);
			name = "[CP] Embed Pods Frameworks";
			outputPaths = (
			);
			runOnlyForDeploymentPostprocessing = 0;
			shellPath = /bin/sh;
			shellScript = "\"${SRCROOT}/Pods/Target Support Files/Pods-Muma/Pods-Muma-frameworks.sh\"\n";
			showEnvVarsInLog = 0;
		};
		64A631A81ED3DFC600FE6CB4 /* ShellScript */ = {
			isa = PBXShellScriptBuildPhase;
			buildActionMask = 2147483647;
			files = (
			);
			inputPaths = (
				"$(SRCROOT)/Carthage/Build/iOS/Realm.framework",
				"$(SRCROOT)/Carthage/Build/iOS/RealmSwift.framework",
				"$(SRCROOT)/Carthage/Build/iOS/Alamofire.framework",
			);
			outputPaths = (
			);
			runOnlyForDeploymentPostprocessing = 0;
			shellPath = /bin/sh;
			shellScript = "/usr/local/bin/carthage copy-frameworks";
		};
		825E5F8291834BA6F55CD704 /* [CP] Copy Pods Resources */ = {
			isa = PBXShellScriptBuildPhase;
			buildActionMask = 2147483647;
			files = (
			);
			inputPaths = (
			);
			name = "[CP] Copy Pods Resources";
			outputPaths = (
			);
			runOnlyForDeploymentPostprocessing = 0;
			shellPath = /bin/sh;
			shellScript = "\"${SRCROOT}/Pods/Target Support Files/Pods-Muma/Pods-Muma-resources.sh\"\n";
			showEnvVarsInLog = 0;
		};
		89E33300DB7ECD4E2D235C95 /* [CP] Check Pods Manifest.lock */ = {
			isa = PBXShellScriptBuildPhase;
			buildActionMask = 2147483647;
			files = (
			);
			inputPaths = (
			);
			name = "[CP] Check Pods Manifest.lock";
			outputPaths = (
			);
			runOnlyForDeploymentPostprocessing = 0;
			shellPath = /bin/sh;
			shellScript = "diff \"${PODS_PODFILE_DIR_PATH}/Podfile.lock\" \"${PODS_ROOT}/Manifest.lock\" > /dev/null\nif [ $? != 0 ] ; then\n    # print error to STDERR\n    echo \"error: The sandbox is not in sync with the Podfile.lock. Run 'pod install' or update your CocoaPods installation.\" >&2\n    exit 1\nfi\n";
			showEnvVarsInLog = 0;
		};
		942026DDE178754068DD66CF /* [CP] Check Pods Manifest.lock */ = {
			isa = PBXShellScriptBuildPhase;
			buildActionMask = 2147483647;
			files = (
			);
			inputPaths = (
			);
			name = "[CP] Check Pods Manifest.lock";
			outputPaths = (
			);
			runOnlyForDeploymentPostprocessing = 0;
			shellPath = /bin/sh;
			shellScript = "diff \"${PODS_PODFILE_DIR_PATH}/Podfile.lock\" \"${PODS_ROOT}/Manifest.lock\" > /dev/null\nif [ $? != 0 ] ; then\n    # print error to STDERR\n    echo \"error: The sandbox is not in sync with the Podfile.lock. Run 'pod install' or update your CocoaPods installation.\" >&2\n    exit 1\nfi\n";
			showEnvVarsInLog = 0;
		};
		ACF4D6BF2D84AB43A7A3C751 /* [CP] Embed Pods Frameworks */ = {
			isa = PBXShellScriptBuildPhase;
			buildActionMask = 2147483647;
			files = (
			);
			inputPaths = (
			);
			name = "[CP] Embed Pods Frameworks";
			outputPaths = (
			);
			runOnlyForDeploymentPostprocessing = 0;
			shellPath = /bin/sh;
			shellScript = "\"${SRCROOT}/Pods/Target Support Files/Pods-MumaUITests/Pods-MumaUITests-frameworks.sh\"\n";
			showEnvVarsInLog = 0;
		};
		B2AB31FDB0C921F890A6F356 /* [CP] Copy Pods Resources */ = {
			isa = PBXShellScriptBuildPhase;
			buildActionMask = 2147483647;
			files = (
			);
			inputPaths = (
			);
			name = "[CP] Copy Pods Resources";
			outputPaths = (
			);
			runOnlyForDeploymentPostprocessing = 0;
			shellPath = /bin/sh;
			shellScript = "\"${SRCROOT}/Pods/Target Support Files/Pods-MumaUITests/Pods-MumaUITests-resources.sh\"\n";
			showEnvVarsInLog = 0;
		};
/* End PBXShellScriptBuildPhase section */

/* Begin PBXSourcesBuildPhase section */
		648F3F9D1CBB2646005B377F /* Sources */ = {
			isa = PBXSourcesBuildPhase;
			buildActionMask = 2147483647;
			files = (
				642FBEC91CC0CE1100F32C27 /* NSFileManager+Muma.swift in Sources */,
				642FBEBE1CC0C1BD00F32C27 /* MumaHUD.swift in Sources */,
				642FBEDC1CC0F40400F32C27 /* UserInfoIconCell.swift in Sources */,
				648F3FE31CBDF459005B377F /* ShowStepGeniusViewController.swift in Sources */,
				64A631BC1ED45F1700FE6CB4 /* BaseViewController.swift in Sources */,
				64A631BE1ED45F7D00FE6CB4 /* SegueViewController.swift in Sources */,
				642FBECF1CC0EB4D00F32C27 /* WorkshopRootViewController.swift in Sources */,
				648F3FE71CBDF459005B377F /* ShowViewController.swift in Sources */,
				64A631C31ED4675400FE6CB4 /* UIColor+Muma.swift in Sources */,
				64A631C11ED466C000FE6CB4 /* SearchViewController.swift in Sources */,
				64A631CA1ED46DF300FE6CB4 /* SearchAuthorCell.swift in Sources */,
				642FBEB81CBE4CAF00F32C27 /* MumaNavigationController.swift in Sources */,
				648F3FE61CBDF459005B377F /* ShowStepViewController.swift in Sources */,
				642FBED11CC0EB7900F32C27 /* CraftsmenViewController.swift in Sources */,
				64A631CD1ED46DF300FE6CB4 /* SearchPictureCell.swift in Sources */,
				642FBEEC1CC1E35700F32C27 /* PlainAvatar.swift in Sources */,
				642FBEE51CC1C45100F32C27 /* UserHeaderView.swift in Sources */,
				642FBEE31CC1C02300F32C27 /* UserInfoViewController.swift in Sources */,
				64A631CC1ED46DF300FE6CB4 /* SearchMusicCell.swift in Sources */,
				648F3FE51CBDF459005B377F /* ShowStepMeetViewController.swift in Sources */,
				64A631CB1ED46DF300FE6CB4 /* SearchMovieCell.swift in Sources */,
				642FBEDA1CC0F23100F32C27 /* UserInfoTextCell.swift in Sources */,
				648F3FA51CBB2646005B377F /* AppDelegate.swift in Sources */,
				642FBED31CC0EB9100F32C27 /* CommunityViewController.swift in Sources */,
				642FBEC51CC0CD2000F32C27 /* UserAvatar.swift in Sources */,
				642FBEC01CC0C26C00F32C27 /* MumaConfig.swift in Sources */,
				64A631CE1ED46DF300FE6CB4 /* SearchReadCell.swift in Sources */,
				648F3FE41CBDF459005B377F /* ShowStepMatchViewController.swift in Sources */,
				642FBEE01CC0F74700F32C27 /* UIScrollView+APParallaxHeader.m in Sources */,
				642FBEBA1CC0B84A00F32C27 /* MumaAlert.swift in Sources */,
				642FBEBC1CC0C11B00F32C27 /* MumaAsset.swift in Sources */,
			);
			runOnlyForDeploymentPostprocessing = 0;
		};
		648F3FB11CBB2646005B377F /* Sources */ = {
			isa = PBXSourcesBuildPhase;
			buildActionMask = 2147483647;
			files = (
				648F3FBA1CBB2646005B377F /* MumaTests.swift in Sources */,
			);
			runOnlyForDeploymentPostprocessing = 0;
		};
		648F3FBC1CBB2646005B377F /* Sources */ = {
			isa = PBXSourcesBuildPhase;
			buildActionMask = 2147483647;
			files = (
				648F3FC51CBB2646005B377F /* MumaUITests.swift in Sources */,
			);
			runOnlyForDeploymentPostprocessing = 0;
		};
		64A6316A1ED311F900FE6CB4 /* Sources */ = {
			isa = PBXSourcesBuildPhase;
			buildActionMask = 2147483647;
			files = (
				64A631801ED3203700FE6CB4 /* NSURLRequest+cURL.swift in Sources */,
				64A631811ED3263200FE6CB4 /* MumaNetworking.swift in Sources */,
				64A6317D1ED318E100FE6CB4 /* Manager.swift in Sources */,
			);
			runOnlyForDeploymentPostprocessing = 0;
		};
		64A631821ED33B2000FE6CB4 /* Sources */ = {
			isa = PBXSourcesBuildPhase;
			buildActionMask = 2147483647;
			files = (
				64A631AF1ED3E05900FE6CB4 /* Conversation.swift in Sources */,
				64A631981ED33B9D00FE6CB4 /* MumaService.swift in Sources */,
				64A631A01ED3CAF800FE6CB4 /* MumaUserDefaults.swift in Sources */,
				64A631B21ED3E05900FE6CB4 /* Realm.swift in Sources */,
				64A631B31ED3E05900FE6CB4 /* User.swift in Sources */,
				64A631B11ED3E05900FE6CB4 /* Message.swift in Sources */,
				64A631B01ED3E05900FE6CB4 /* Group.swift in Sources */,
				64A6319D1ED34CDC00FE6CB4 /* Config.swift in Sources */,
			);
			runOnlyForDeploymentPostprocessing = 0;
		};
/* End PBXSourcesBuildPhase section */

/* Begin PBXTargetDependency section */
		648F3FB71CBB2646005B377F /* PBXTargetDependency */ = {
			isa = PBXTargetDependency;
			target = 648F3FA01CBB2646005B377F /* Muma */;
			targetProxy = 648F3FB61CBB2646005B377F /* PBXContainerItemProxy */;
		};
		648F3FC21CBB2646005B377F /* PBXTargetDependency */ = {
			isa = PBXTargetDependency;
			target = 648F3FA01CBB2646005B377F /* Muma */;
			targetProxy = 648F3FC11CBB2646005B377F /* PBXContainerItemProxy */;
		};
		64A631751ED311F900FE6CB4 /* PBXTargetDependency */ = {
			isa = PBXTargetDependency;
			target = 64A6316E1ED311F900FE6CB4 /* MumaNetworking */;
			targetProxy = 64A631741ED311F900FE6CB4 /* PBXContainerItemProxy */;
		};
		64A6318D1ED33B2000FE6CB4 /* PBXTargetDependency */ = {
			isa = PBXTargetDependency;
			target = 64A631861ED33B2000FE6CB4 /* MumaKit */;
			targetProxy = 64A6318C1ED33B2000FE6CB4 /* PBXContainerItemProxy */;
		};
/* End PBXTargetDependency section */

/* Begin PBXVariantGroup section */
		648F3FAD1CBB2646005B377F /* LaunchScreen.storyboard */ = {
			isa = PBXVariantGroup;
			children = (
				648F3FAE1CBB2646005B377F /* Base */,
			);
			name = LaunchScreen.storyboard;
			sourceTree = "<group>";
		};
		64A631D81ED4714300FE6CB4 /* Main.storyboard */ = {
			isa = PBXVariantGroup;
			children = (
				64A631D91ED4714300FE6CB4 /* Base */,
			);
			name = Main.storyboard;
			sourceTree = "<group>";
		};
/* End PBXVariantGroup section */

/* Begin XCBuildConfiguration section */
		648F3FC71CBB2646005B377F /* Debug */ = {
			isa = XCBuildConfiguration;
			buildSettings = {
				ALWAYS_SEARCH_USER_PATHS = NO;
				CLANG_ANALYZER_NONNULL = YES;
				CLANG_CXX_LANGUAGE_STANDARD = "gnu++0x";
				CLANG_CXX_LIBRARY = "libc++";
				CLANG_ENABLE_MODULES = YES;
				CLANG_ENABLE_OBJC_ARC = YES;
				CLANG_WARN_BOOL_CONVERSION = YES;
				CLANG_WARN_CONSTANT_CONVERSION = YES;
				CLANG_WARN_DIRECT_OBJC_ISA_USAGE = YES_ERROR;
				CLANG_WARN_EMPTY_BODY = YES;
				CLANG_WARN_ENUM_CONVERSION = YES;
				CLANG_WARN_INT_CONVERSION = YES;
				CLANG_WARN_OBJC_ROOT_CLASS = YES_ERROR;
				CLANG_WARN_UNREACHABLE_CODE = YES;
				CLANG_WARN__DUPLICATE_METHOD_MATCH = YES;
				"CODE_SIGN_IDENTITY[sdk=iphoneos*]" = "iPhone Developer";
				COPY_PHASE_STRIP = NO;
				DEBUG_INFORMATION_FORMAT = dwarf;
				ENABLE_STRICT_OBJC_MSGSEND = YES;
				ENABLE_TESTABILITY = YES;
				GCC_C_LANGUAGE_STANDARD = gnu99;
				GCC_DYNAMIC_NO_PIC = NO;
				GCC_NO_COMMON_BLOCKS = YES;
				GCC_OPTIMIZATION_LEVEL = 0;
				GCC_PREPROCESSOR_DEFINITIONS = (
					"DEBUG=1",
					"$(inherited)",
				);
				GCC_WARN_64_TO_32_BIT_CONVERSION = YES;
				GCC_WARN_ABOUT_RETURN_TYPE = YES_ERROR;
				GCC_WARN_UNDECLARED_SELECTOR = YES;
				GCC_WARN_UNINITIALIZED_AUTOS = YES_AGGRESSIVE;
				GCC_WARN_UNUSED_FUNCTION = YES;
				GCC_WARN_UNUSED_VARIABLE = YES;
				IPHONEOS_DEPLOYMENT_TARGET = 9.3;
				MTL_ENABLE_DEBUG_INFO = YES;
				ONLY_ACTIVE_ARCH = YES;
				SDKROOT = iphoneos;
				SWIFT_OPTIMIZATION_LEVEL = "-Onone";
			};
			name = Debug;
		};
		648F3FC81CBB2646005B377F /* Release */ = {
			isa = XCBuildConfiguration;
			buildSettings = {
				ALWAYS_SEARCH_USER_PATHS = NO;
				CLANG_ANALYZER_NONNULL = YES;
				CLANG_CXX_LANGUAGE_STANDARD = "gnu++0x";
				CLANG_CXX_LIBRARY = "libc++";
				CLANG_ENABLE_MODULES = YES;
				CLANG_ENABLE_OBJC_ARC = YES;
				CLANG_WARN_BOOL_CONVERSION = YES;
				CLANG_WARN_CONSTANT_CONVERSION = YES;
				CLANG_WARN_DIRECT_OBJC_ISA_USAGE = YES_ERROR;
				CLANG_WARN_EMPTY_BODY = YES;
				CLANG_WARN_ENUM_CONVERSION = YES;
				CLANG_WARN_INT_CONVERSION = YES;
				CLANG_WARN_OBJC_ROOT_CLASS = YES_ERROR;
				CLANG_WARN_UNREACHABLE_CODE = YES;
				CLANG_WARN__DUPLICATE_METHOD_MATCH = YES;
				"CODE_SIGN_IDENTITY[sdk=iphoneos*]" = "iPhone Developer";
				COPY_PHASE_STRIP = NO;
				DEBUG_INFORMATION_FORMAT = "dwarf-with-dsym";
				ENABLE_NS_ASSERTIONS = NO;
				ENABLE_STRICT_OBJC_MSGSEND = YES;
				GCC_C_LANGUAGE_STANDARD = gnu99;
				GCC_NO_COMMON_BLOCKS = YES;
				GCC_WARN_64_TO_32_BIT_CONVERSION = YES;
				GCC_WARN_ABOUT_RETURN_TYPE = YES_ERROR;
				GCC_WARN_UNDECLARED_SELECTOR = YES;
				GCC_WARN_UNINITIALIZED_AUTOS = YES_AGGRESSIVE;
				GCC_WARN_UNUSED_FUNCTION = YES;
				GCC_WARN_UNUSED_VARIABLE = YES;
				IPHONEOS_DEPLOYMENT_TARGET = 9.3;
				MTL_ENABLE_DEBUG_INFO = NO;
				SDKROOT = iphoneos;
				VALIDATE_PRODUCT = YES;
			};
			name = Release;
		};
		648F3FCA1CBB2646005B377F /* Debug */ = {
			isa = XCBuildConfiguration;
			baseConfigurationReference = 07B28D2F4DD019E792664118 /* Pods-Muma.debug.xcconfig */;
			buildSettings = {
				ALWAYS_EMBED_SWIFT_STANDARD_LIBRARIES = YES;
				ASSETCATALOG_COMPILER_APPICON_NAME = AppIcon;
				DEVELOPMENT_TEAM = 9SN638XV89;
				FRAMEWORK_SEARCH_PATHS = (
					"$(inherited)",
					"$(PROJECT_DIR)/Carthage/Build/iOS",
				);
				INFOPLIST_FILE = Muma/Info.plist;
				IPHONEOS_DEPLOYMENT_TARGET = 9.0;
				LD_RUNPATH_SEARCH_PATHS = "$(inherited) @executable_path/Frameworks";
				PRODUCT_BUNDLE_IDENTIFIER = top.binboy.Muma;
				PRODUCT_NAME = "$(TARGET_NAME)";
				SWIFT_OBJC_BRIDGING_HEADER = "Muma/Muma-Bridging-Header.h";
				SWIFT_VERSION = 3.0;
			};
			name = Debug;
		};
		648F3FCB1CBB2646005B377F /* Release */ = {
			isa = XCBuildConfiguration;
			baseConfigurationReference = 881B9ABEC61BA9B2C98FC95C /* Pods-Muma.release.xcconfig */;
			buildSettings = {
				ALWAYS_EMBED_SWIFT_STANDARD_LIBRARIES = YES;
				ASSETCATALOG_COMPILER_APPICON_NAME = AppIcon;
				DEVELOPMENT_TEAM = 9SN638XV89;
				FRAMEWORK_SEARCH_PATHS = (
					"$(inherited)",
					"$(PROJECT_DIR)/Carthage/Build/iOS",
				);
				INFOPLIST_FILE = Muma/Info.plist;
				IPHONEOS_DEPLOYMENT_TARGET = 9.0;
				LD_RUNPATH_SEARCH_PATHS = "$(inherited) @executable_path/Frameworks";
				PRODUCT_BUNDLE_IDENTIFIER = top.binboy.Muma;
				PRODUCT_NAME = "$(TARGET_NAME)";
				SWIFT_OBJC_BRIDGING_HEADER = "Muma/Muma-Bridging-Header.h";
				SWIFT_VERSION = 3.0;
			};
			name = Release;
		};
		648F3FCD1CBB2646005B377F /* Debug */ = {
			isa = XCBuildConfiguration;
			baseConfigurationReference = A01630784A41355A1AFD3D6A /* Pods-MumaTests.debug.xcconfig */;
			buildSettings = {
				BUNDLE_LOADER = "$(TEST_HOST)";
				INFOPLIST_FILE = MumaTests/Info.plist;
				LD_RUNPATH_SEARCH_PATHS = "$(inherited) @executable_path/Frameworks @loader_path/Frameworks";
				PRODUCT_BUNDLE_IDENTIFIER = top.binboy.MumaTests;
				PRODUCT_NAME = "$(TARGET_NAME)";
				SWIFT_VERSION = 3.0;
				TEST_HOST = "$(BUILT_PRODUCTS_DIR)/Muma.app/Muma";
			};
			name = Debug;
		};
		648F3FCE1CBB2646005B377F /* Release */ = {
			isa = XCBuildConfiguration;
			baseConfigurationReference = 959D37461C06DEDB1D22A8F0 /* Pods-MumaTests.release.xcconfig */;
			buildSettings = {
				BUNDLE_LOADER = "$(TEST_HOST)";
				INFOPLIST_FILE = MumaTests/Info.plist;
				LD_RUNPATH_SEARCH_PATHS = "$(inherited) @executable_path/Frameworks @loader_path/Frameworks";
				PRODUCT_BUNDLE_IDENTIFIER = top.binboy.MumaTests;
				PRODUCT_NAME = "$(TARGET_NAME)";
				SWIFT_VERSION = 3.0;
				TEST_HOST = "$(BUILT_PRODUCTS_DIR)/Muma.app/Muma";
			};
			name = Release;
		};
		648F3FD01CBB2646005B377F /* Debug */ = {
			isa = XCBuildConfiguration;
			baseConfigurationReference = 5EAEC44E201C47F95A9A9F65 /* Pods-MumaUITests.debug.xcconfig */;
			buildSettings = {
				INFOPLIST_FILE = MumaUITests/Info.plist;
				LD_RUNPATH_SEARCH_PATHS = "$(inherited) @executable_path/Frameworks @loader_path/Frameworks";
				PRODUCT_BUNDLE_IDENTIFIER = top.binboy.MumaUITests;
				PRODUCT_NAME = "$(TARGET_NAME)";
				SWIFT_VERSION = 3.0;
				TEST_TARGET_NAME = Muma;
			};
			name = Debug;
		};
		648F3FD11CBB2646005B377F /* Release */ = {
			isa = XCBuildConfiguration;
			baseConfigurationReference = 9BFE23B6BC324A469D63230F /* Pods-MumaUITests.release.xcconfig */;
			buildSettings = {
				INFOPLIST_FILE = MumaUITests/Info.plist;
				LD_RUNPATH_SEARCH_PATHS = "$(inherited) @executable_path/Frameworks @loader_path/Frameworks";
				PRODUCT_BUNDLE_IDENTIFIER = top.binboy.MumaUITests;
				PRODUCT_NAME = "$(TARGET_NAME)";
				SWIFT_VERSION = 3.0;
				TEST_TARGET_NAME = Muma;
			};
			name = Release;
		};
		64A631791ED311F900FE6CB4 /* Debug */ = {
			isa = XCBuildConfiguration;
			buildSettings = {
				CLANG_ANALYZER_NUMBER_OBJECT_CONVERSION = YES_AGGRESSIVE;
				CLANG_ENABLE_MODULES = YES;
				CLANG_WARN_DOCUMENTATION_COMMENTS = YES;
				CLANG_WARN_INFINITE_RECURSION = YES;
				CLANG_WARN_SUSPICIOUS_MOVE = YES;
				CODE_SIGN_IDENTITY = "";
				CURRENT_PROJECT_VERSION = 1;
				DEFINES_MODULE = YES;
				DYLIB_COMPATIBILITY_VERSION = 1;
				DYLIB_CURRENT_VERSION = 1;
				DYLIB_INSTALL_NAME_BASE = "@rpath";
				INFOPLIST_FILE = MumaNetworking/Info.plist;
				INSTALL_PATH = "$(LOCAL_LIBRARY_DIR)/Frameworks";
				IPHONEOS_DEPLOYMENT_TARGET = 9.0;
				LD_RUNPATH_SEARCH_PATHS = "$(inherited) @executable_path/Frameworks @loader_path/Frameworks";
				PRODUCT_BUNDLE_IDENTIFIER = top.binboy.MumaNetworking;
				PRODUCT_NAME = "$(TARGET_NAME)";
				SKIP_INSTALL = YES;
				SWIFT_ACTIVE_COMPILATION_CONDITIONS = DEBUG;
				SWIFT_OPTIMIZATION_LEVEL = "-Onone";
				SWIFT_VERSION = 3.0;
				TARGETED_DEVICE_FAMILY = "1,2";
				VERSIONING_SYSTEM = "apple-generic";
				VERSION_INFO_PREFIX = "";
			};
			name = Debug;
		};
		64A6317A1ED311F900FE6CB4 /* Release */ = {
			isa = XCBuildConfiguration;
			buildSettings = {
				CLANG_ANALYZER_NUMBER_OBJECT_CONVERSION = YES_AGGRESSIVE;
				CLANG_ENABLE_MODULES = YES;
				CLANG_WARN_DOCUMENTATION_COMMENTS = YES;
				CLANG_WARN_INFINITE_RECURSION = YES;
				CLANG_WARN_SUSPICIOUS_MOVE = YES;
				CODE_SIGN_IDENTITY = "";
				CURRENT_PROJECT_VERSION = 1;
				DEFINES_MODULE = YES;
				DYLIB_COMPATIBILITY_VERSION = 1;
				DYLIB_CURRENT_VERSION = 1;
				DYLIB_INSTALL_NAME_BASE = "@rpath";
				INFOPLIST_FILE = MumaNetworking/Info.plist;
				INSTALL_PATH = "$(LOCAL_LIBRARY_DIR)/Frameworks";
				IPHONEOS_DEPLOYMENT_TARGET = 9.0;
				LD_RUNPATH_SEARCH_PATHS = "$(inherited) @executable_path/Frameworks @loader_path/Frameworks";
				PRODUCT_BUNDLE_IDENTIFIER = top.binboy.MumaNetworking;
				PRODUCT_NAME = "$(TARGET_NAME)";
				SKIP_INSTALL = YES;
				SWIFT_OPTIMIZATION_LEVEL = "-Owholemodule";
				SWIFT_VERSION = 3.0;
				TARGETED_DEVICE_FAMILY = "1,2";
				VERSIONING_SYSTEM = "apple-generic";
				VERSION_INFO_PREFIX = "";
			};
			name = Release;
		};
		64A631911ED33B2000FE6CB4 /* Debug */ = {
			isa = XCBuildConfiguration;
			buildSettings = {
				CLANG_ANALYZER_NUMBER_OBJECT_CONVERSION = YES_AGGRESSIVE;
				CLANG_WARN_DOCUMENTATION_COMMENTS = YES;
				CLANG_WARN_INFINITE_RECURSION = YES;
				CLANG_WARN_SUSPICIOUS_MOVE = YES;
				CODE_SIGN_IDENTITY = "";
				CURRENT_PROJECT_VERSION = 1;
				DEFINES_MODULE = YES;
				DYLIB_COMPATIBILITY_VERSION = 1;
				DYLIB_CURRENT_VERSION = 1;
				DYLIB_INSTALL_NAME_BASE = "@rpath";
				FRAMEWORK_SEARCH_PATHS = (
					"$(inherited)",
					"$(PROJECT_DIR)/Carthage/Build/iOS",
				);
				INFOPLIST_FILE = MumaKit/Info.plist;
				INSTALL_PATH = "$(LOCAL_LIBRARY_DIR)/Frameworks";
				IPHONEOS_DEPLOYMENT_TARGET = 9.0;
				LD_RUNPATH_SEARCH_PATHS = "$(inherited) @executable_path/Frameworks @loader_path/Frameworks";
				PRODUCT_BUNDLE_IDENTIFIER = top.binboy.MumaKit;
				PRODUCT_NAME = "$(TARGET_NAME)";
				SKIP_INSTALL = YES;
				SWIFT_ACTIVE_COMPILATION_CONDITIONS = DEBUG;
				SWIFT_VERSION = 3.0;
				TARGETED_DEVICE_FAMILY = "1,2";
				VERSIONING_SYSTEM = "apple-generic";
				VERSION_INFO_PREFIX = "";
			};
			name = Debug;
		};
		64A631921ED33B2000FE6CB4 /* Release */ = {
			isa = XCBuildConfiguration;
			buildSettings = {
				CLANG_ANALYZER_NUMBER_OBJECT_CONVERSION = YES_AGGRESSIVE;
				CLANG_WARN_DOCUMENTATION_COMMENTS = YES;
				CLANG_WARN_INFINITE_RECURSION = YES;
				CLANG_WARN_SUSPICIOUS_MOVE = YES;
				CODE_SIGN_IDENTITY = "";
				CURRENT_PROJECT_VERSION = 1;
				DEFINES_MODULE = YES;
				DYLIB_COMPATIBILITY_VERSION = 1;
				DYLIB_CURRENT_VERSION = 1;
				DYLIB_INSTALL_NAME_BASE = "@rpath";
				FRAMEWORK_SEARCH_PATHS = (
					"$(inherited)",
					"$(PROJECT_DIR)/Carthage/Build/iOS",
				);
				INFOPLIST_FILE = MumaKit/Info.plist;
				INSTALL_PATH = "$(LOCAL_LIBRARY_DIR)/Frameworks";
				IPHONEOS_DEPLOYMENT_TARGET = 9.0;
				LD_RUNPATH_SEARCH_PATHS = "$(inherited) @executable_path/Frameworks @loader_path/Frameworks";
				PRODUCT_BUNDLE_IDENTIFIER = top.binboy.MumaKit;
				PRODUCT_NAME = "$(TARGET_NAME)";
				SKIP_INSTALL = YES;
				SWIFT_OPTIMIZATION_LEVEL = "-Owholemodule";
				SWIFT_VERSION = 3.0;
				TARGETED_DEVICE_FAMILY = "1,2";
				VERSIONING_SYSTEM = "apple-generic";
				VERSION_INFO_PREFIX = "";
			};
			name = Release;
		};
/* End XCBuildConfiguration section */

/* Begin XCConfigurationList section */
		648F3F9C1CBB2646005B377F /* Build configuration list for PBXProject "Muma" */ = {
			isa = XCConfigurationList;
			buildConfigurations = (
				648F3FC71CBB2646005B377F /* Debug */,
				648F3FC81CBB2646005B377F /* Release */,
			);
			defaultConfigurationIsVisible = 0;
			defaultConfigurationName = Release;
		};
		648F3FC91CBB2646005B377F /* Build configuration list for PBXNativeTarget "Muma" */ = {
			isa = XCConfigurationList;
			buildConfigurations = (
				648F3FCA1CBB2646005B377F /* Debug */,
				648F3FCB1CBB2646005B377F /* Release */,
			);
			defaultConfigurationIsVisible = 0;
			defaultConfigurationName = Release;
		};
		648F3FCC1CBB2646005B377F /* Build configuration list for PBXNativeTarget "MumaTests" */ = {
			isa = XCConfigurationList;
			buildConfigurations = (
				648F3FCD1CBB2646005B377F /* Debug */,
				648F3FCE1CBB2646005B377F /* Release */,
			);
			defaultConfigurationIsVisible = 0;
			defaultConfigurationName = Release;
		};
		648F3FCF1CBB2646005B377F /* Build configuration list for PBXNativeTarget "MumaUITests" */ = {
			isa = XCConfigurationList;
			buildConfigurations = (
				648F3FD01CBB2646005B377F /* Debug */,
				648F3FD11CBB2646005B377F /* Release */,
			);
			defaultConfigurationIsVisible = 0;
			defaultConfigurationName = Release;
		};
		64A631781ED311F900FE6CB4 /* Build configuration list for PBXNativeTarget "MumaNetworking" */ = {
			isa = XCConfigurationList;
			buildConfigurations = (
				64A631791ED311F900FE6CB4 /* Debug */,
				64A6317A1ED311F900FE6CB4 /* Release */,
			);
			defaultConfigurationIsVisible = 0;
			defaultConfigurationName = Release;
		};
		64A631901ED33B2000FE6CB4 /* Build configuration list for PBXNativeTarget "MumaKit" */ = {
			isa = XCConfigurationList;
			buildConfigurations = (
				64A631911ED33B2000FE6CB4 /* Debug */,
				64A631921ED33B2000FE6CB4 /* Release */,
			);
			defaultConfigurationIsVisible = 0;
			defaultConfigurationName = Release;
		};
/* End XCConfigurationList section */
	};
	rootObject = 648F3F991CBB2646005B377F /* Project object */;
}
